{
  "nodes": {
    "flake-compat": {
      "flake": false,
      "locked": {
        "lastModified": 1606424373,
        "narHash": "sha256-oq8d4//CJOrVj+EcOaSXvMebvuTkmBJuT5tzlfewUnQ=",
        "owner": "edolstra",
        "repo": "flake-compat",
        "rev": "99f1c2157fba4bfe6211a321fd0ee43199025dbf",
        "type": "github"
      },
      "original": {
        "owner": "edolstra",
        "repo": "flake-compat",
        "type": "github"
      }
    },
    "nixpkgs": {
      "locked": {
        "lastModified": 1636756956,
        "narHash": "sha256-IpqA/8LaEOnaooYg2nS5Jm7+wMhT0Fydy3omvHe0fD0=",
        "owner": "NixOS",
        "repo": "nixpkgs",
        "rev": "9f0523f13c84bce1b6381a8287eb2a5ad1edb2aa",
        "type": "github"
      },
      "original": {
        "id": "nixpkgs",
        "type": "indirect"
      }
    },
    "rib": {
      "flake": false,
      "locked": {
        "lastModified": 1636763216,
        "narHash": "sha256-i1CemGQmHyhrr5EUkLyJNAPxdpLy2Tqj/Y8BnrBZLxE=",
        "ref": "master",
        "rev": "f80a4a2ff54e20d1d16f14bdd2b04b1be37d5e5d",
        "revCount": 414,
        "type": "git",
        "url": "file:///home/jon/Code/rib"
      },
      "original": {
        "type": "git",
        "url": "file:///home/jon/Code/rib"
      }
    },
    "root": {
      "inputs": {
        "flake-compat": "flake-compat",
        "nixpkgs": "nixpkgs",
        "rib": "rib"
      }
    }
  },
  "root": "root",
  "version": 7
}
