{
  "nodes": {
    "flake-compat": {
      "flake": false,
      "locked": {
        "lastModified": 1606424373,
        "narHash": "sha256-oq8d4//CJOrVj+EcOaSXvMebvuTkmBJuT5tzlfewUnQ=",
        "owner": "edolstra",
        "repo": "flake-compat",
        "rev": "99f1c2157fba4bfe6211a321fd0ee43199025dbf",
        "type": "github"
      },
      "original": {
        "owner": "edolstra",
        "repo": "flake-compat",
        "type": "github"
      }
    },
    "nixpkgs": {
      "locked": {
        "lastModified": 1636756956,
        "narHash": "sha256-IpqA/8LaEOnaooYg2nS5Jm7+wMhT0Fydy3omvHe0fD0=",
        "owner": "NixOS",
        "repo": "nixpkgs",
        "rev": "9f0523f13c84bce1b6381a8287eb2a5ad1edb2aa",
        "type": "github"
      },
      "original": {
        "id": "nixpkgs",
        "type": "indirect"
      }
    },
    "rib": {
      "flake": false,
      "locked": {
        "lastModified": 1619654749,
        "narHash": "sha256-tLhBEpUCGpBokJA9cHOWKeONRL6v4eTJlT29dYZFoHw=",
        "owner": "srid",
        "repo": "rib",
        "rev": "db26bcde09364849683736bc1dc30acdff5d6cc0",
        "type": "github"
      },
      "original": {
        "owner": "srid",
        "repo": "rib",
        "type": "github"
      }
    },
    "root": {
      "inputs": {
        "flake-compat": "flake-compat",
        "nixpkgs": "nixpkgs",
        "rib": "rib"
      }
    }
  },
  "root": "root",
  "version": 7
}
